
Microsoft Visual Studio Solution File, Format Version 12.00
# Visual Studio 15
VisualStudioVersion = 15.0.27130.2010
MinimumVisualStudioVersion = 10.0.40219.1
Project("{8BC9CEB8-8B4A-11D0-8D11-00A0C91BC942}") = "Algorithm", "Algorithm.vcxproj", "{443BE695-C1B3-4F1D-B554-D52CC3DB525F}"
EndProject
Project("{8BC9CEB8-8B4A-11D0-8D11-00A0C91BC942}") = "矩阵生成器(E)", "..\矩阵生成器(E)\矩阵生成器(E).vcxproj", "{53C119B2-DF24-4BEB-9739-7E5949B2A344}"
EndProject
Project("{8BC9CEB8-8B4A-11D0-8D11-00A0C91BC942}") = "节点数据转换器", "..\节点数据转换器\节点数据转换器.vcxproj", "{6B59051D-FE83-4D7C-A284-965CD7ED03E5}"
EndProject
Global
	GlobalSection(SolutionConfigurationPlatforms) = preSolution
		Debug|x64 = Debug|x64
		Debug|x86 = Debug|x86
		Release|x64 = Release|x64
		Release|x86 = Release|x86
	EndGlobalSection
	GlobalSection(ProjectConfigurationPlatforms) = postSolution
		{443BE695-C1B3-4F1D-B554-D52CC3DB525F}.Debug|x64.ActiveCfg = Debug|x64
		{443BE695-C1B3-4F1D-B554-D52CC3DB525F}.Debug|x64.Build.0 = Debug|x64
		{443BE695-C1B3-4F1D-B554-D52CC3DB525F}.Debug|x86.ActiveCfg = Debug|Win32
		{443BE695-C1B3-4F1D-B554-D52CC3DB525F}.Debug|x86.Build.0 = Debug|Win32
		{443BE695-C1B3-4F1D-B554-D52CC3DB525F}.Release|x64.ActiveCfg = Release|x64
		{443BE695-C1B3-4F1D-B554-D52CC3DB525F}.Release|x64.Build.0 = Release|x64
		{443BE695-C1B3-4F1D-B554-D52CC3DB525F}.Release|x86.ActiveCfg = Release|Win32
		{443BE695-C1B3-4F1D-B554-D52CC3DB525F}.Release|x86.Build.0 = Release|Win32
		{53C119B2-DF24-4BEB-9739-7E5949B2A344}.Debug|x64.ActiveCfg = Debug|x64
		{53C119B2-DF24-4BEB-9739-7E5949B2A344}.Debug|x64.Build.0 = Debug|x64
		{53C119B2-DF24-4BEB-9739-7E5949B2A344}.Debug|x86.ActiveCfg = Debug|Win32
		{53C119B2-DF24-4BEB-9739-7E5949B2A344}.Debug|x86.Build.0 = Debug|Win32
		{53C119B2-DF24-4BEB-9739-7E5949B2A344}.Release|x64.ActiveCfg = Release|x64
		{53C119B2-DF24-4BEB-9739-7E5949B2A344}.Release|x64.Build.0 = Release|x64
		{53C119B2-DF24-4BEB-9739-7E5949B2A344}.Release|x86.ActiveCfg = Release|Win32
		{53C119B2-DF24-4BEB-9739-7E5949B2A344}.Release|x86.Build.0 = Release|Win32
		{6B59051D-FE83-4D7C-A284-965CD7ED03E5}.Debug|x64.ActiveCfg = Debug|x64
		{6B59051D-FE83-4D7C-A284-965CD7ED03E5}.Debug|x64.Build.0 = Debug|x64
		{6B59051D-FE83-4D7C-A284-965CD7ED03E5}.Debug|x86.ActiveCfg = Debug|Win32
		{6B59051D-FE83-4D7C-A284-965CD7ED03E5}.Debug|x86.Build.0 = Debug|Win32
		{6B59051D-FE83-4D7C-A284-965CD7ED03E5}.Release|x64.ActiveCfg = Release|x64
		{6B59051D-FE83-4D7C-A284-965CD7ED03E5}.Release|x64.Build.0 = Release|x64
		{6B59051D-FE83-4D7C-A284-965CD7ED03E5}.Release|x86.ActiveCfg = Release|Win32
		{6B59051D-FE83-4D7C-A284-965CD7ED03E5}.Release|x86.Build.0 = Release|Win32
	EndGlobalSection
	GlobalSection(SolutionProperties) = preSolution
		HideSolutionNode = FALSE
	EndGlobalSection
	GlobalSection(ExtensibilityGlobals) = postSolution
		SolutionGuid = {6B35E1E5-7CB1-4130-A580-066F01511643}
	EndGlobalSection
EndGlobal
